
Microsoft Visual Studio Solution File, Format Version 12.00
# Visual Studio Version 16
VisualStudioVersion = 16.0.31702.278
MinimumVisualStudioVersion = 10.0.40219.1
Project("{FAE04EC0-301F-11D3-BF4B-00C04F79EFBC}") = "ConsoleApp11", "ConsoleApp11\ConsoleApp11.csproj", "{1B32EC44-0F63-410F-93DF-3EA5A9D1DA4E}"
EndProject
Global
	GlobalSection(SolutionConfigurationPlatforms) = preSolution
		Debug|Any CPU = Debug|Any CPU
		Release|Any CPU = Release|Any CPU
	EndGlobalSection
	GlobalSection(ProjectConfigurationPlatforms) = postSolution
		{1B32EC44-0F63-410F-93DF-3EA5A9D1DA4E}.Debug|Any CPU.ActiveCfg = Debug|Any CPU
		{1B32EC44-0F63-410F-93DF-3EA5A9D1DA4E}.Debug|Any CPU.Build.0 = Debug|Any CPU
		{1B32EC44-0F63-410F-93DF-3EA5A9D1DA4E}.Release|Any CPU.ActiveCfg = Release|Any CPU
		{1B32EC44-0F63-410F-93DF-3EA5A9D1DA4E}.Release|Any CPU.Build.0 = Release|Any CPU
	EndGlobalSection
	GlobalSection(SolutionProperties) = preSolution
		HideSolutionNode = FALSE
	EndGlobalSection
	GlobalSection(ExtensibilityGlobals) = postSolution
		SolutionGuid = {306E173B-3D71-48E0-B825-CA7A140603F9}
	EndGlobalSection
EndGlobal
